name: update-lock

on:
  push:
    branches:
      - 'main'

jobs:
  update-lock:
    runs-on: ubuntu-latest
    steps:
      - name: Checkout
        uses: actions/checkout@v3

      - name: Setup Node
        uses: actions/setup-node@v3.5.1
        with:
          node-version: 16.x

      - name: Get yarn cache directory
        id: yarn-cache
        run: |
          echo "::set-output name=dir::$(yarn cache dir)"

      - name: Setup yarn cache
        uses: actions/cache@v3
        with:
          path: ${{ steps.yarn-cache.outputs.dir }}
          key: ${{ runner.os }}-yarn-${{ hashFiles('**/yarn.lock') }}
          restore-keys: |
            ${{ runner.os }}-yarn-

      - name: Install Dependencies
        run: yarn install

      - uses: stefanzweifel/git-auto-commit-action@v4
        with:
          commit_message: 'chore: Updated yarn.lock'
          file_pattern: yarn.lock
          commit_user_name: github-actions[bot]
          commit_user_email: 41898282+github-actions[bot]@users.noreply.github.com
